
Microsoft Visual Studio Solution File, Format Version 12.00
# Visual Studio Version 17
VisualStudioVersion = 17.9.34728.123
MinimumVisualStudioVersion = 10.0.40219.1
Project("{FAE04EC0-301F-11D3-BF4B-00C04F79EFBC}") = "TrabalhoFernando", "TrabalhoFernando.csproj", "{D0AD6933-9C74-4C9D-B039-B31F440C637E}"
EndProject
Global
	GlobalSection(SolutionConfigurationPlatforms) = preSolution
		Debug|Any CPU = Debug|Any CPU
		Release|Any CPU = Release|Any CPU
	EndGlobalSection
	GlobalSection(ProjectConfigurationPlatforms) = postSolution
		{D0AD6933-9C74-4C9D-B039-B31F440C637E}.Debug|Any CPU.ActiveCfg = Debug|Any CPU
		{D0AD6933-9C74-4C9D-B039-B31F440C637E}.Debug|Any CPU.Build.0 = Debug|Any CPU
		{D0AD6933-9C74-4C9D-B039-B31F440C637E}.Release|Any CPU.ActiveCfg = Release|Any CPU
		{D0AD6933-9C74-4C9D-B039-B31F440C637E}.Release|Any CPU.Build.0 = Release|Any CPU
	EndGlobalSection
	GlobalSection(SolutionProperties) = preSolution
		HideSolutionNode = FALSE
	EndGlobalSection
	GlobalSection(ExtensibilityGlobals) = postSolution
		SolutionGuid = {EB815BD5-90C4-4FF3-AF6C-E9C7E440847F}
	EndGlobalSection
EndGlobal
